
Microsoft Visual Studio Solution File, Format Version 12.00
# Visual Studio Version 17
VisualStudioVersion = 17.0.31903.59
MinimumVisualStudioVersion = 10.0.40219.1
Project("{2150E333-8FDC-42A3-9474-1A3956D46DE8}") = "src", "src", "{827E0CD3-B72D-47B6-A68D-7590B98EB39B}"
EndProject
Project("{FAE04EC0-301F-11D3-BF4B-00C04F79EFBC}") = "EdiX12.Core", "src\EdiX12.Core\EdiX12.Core.csproj", "{1E23F558-C165-4E65-A976-BBFBD47960E7}"
EndProject
Project("{2150E333-8FDC-42A3-9474-1A3956D46DE8}") = "tests", "tests", "{0AB3BF05-4346-4AA6-1389-037BE0695223}"
EndProject
Project("{FAE04EC0-301F-11D3-BF4B-00C04F79EFBC}") = "EdiX12.Tests", "tests\EdiX12.Tests\EdiX12.Tests.csproj", "{E897D77D-4E66-4730-ABDE-A373C074003C}"
EndProject
Project("{FAE04EC0-301F-11D3-BF4B-00C04F79EFBC}") = "EdiX12.Cli", "src\EdiX12.Cli\EdiX12.Cli.csproj", "{432D5CF4-826D-494E-8C58-34A4DB3E223A}"
EndProject
Global
	GlobalSection(SolutionConfigurationPlatforms) = preSolution
		Debug|Any CPU = Debug|Any CPU
		Debug|x64 = Debug|x64
		Debug|x86 = Debug|x86
		Release|Any CPU = Release|Any CPU
		Release|x64 = Release|x64
		Release|x86 = Release|x86
	EndGlobalSection
	GlobalSection(ProjectConfigurationPlatforms) = postSolution
		{1E23F558-C165-4E65-A976-BBFBD47960E7}.Debug|Any CPU.ActiveCfg = Debug|Any CPU
		{1E23F558-C165-4E65-A976-BBFBD47960E7}.Debug|Any CPU.Build.0 = Debug|Any CPU
		{1E23F558-C165-4E65-A976-BBFBD47960E7}.Debug|x64.ActiveCfg = Debug|Any CPU
		{1E23F558-C165-4E65-A976-BBFBD47960E7}.Debug|x64.Build.0 = Debug|Any CPU
		{1E23F558-C165-4E65-A976-BBFBD47960E7}.Debug|x86.ActiveCfg = Debug|Any CPU
		{1E23F558-C165-4E65-A976-BBFBD47960E7}.Debug|x86.Build.0 = Debug|Any CPU
		{1E23F558-C165-4E65-A976-BBFBD47960E7}.Release|Any CPU.ActiveCfg = Release|Any CPU
		{1E23F558-C165-4E65-A976-BBFBD47960E7}.Release|Any CPU.Build.0 = Release|Any CPU
		{1E23F558-C165-4E65-A976-BBFBD47960E7}.Release|x64.ActiveCfg = Release|Any CPU
		{1E23F558-C165-4E65-A976-BBFBD47960E7}.Release|x64.Build.0 = Release|Any CPU
		{1E23F558-C165-4E65-A976-BBFBD47960E7}.Release|x86.ActiveCfg = Release|Any CPU
		{1E23F558-C165-4E65-A976-BBFBD47960E7}.Release|x86.Build.0 = Release|Any CPU
		{E897D77D-4E66-4730-ABDE-A373C074003C}.Debug|Any CPU.ActiveCfg = Debug|Any CPU
		{E897D77D-4E66-4730-ABDE-A373C074003C}.Debug|Any CPU.Build.0 = Debug|Any CPU
		{E897D77D-4E66-4730-ABDE-A373C074003C}.Debug|x64.ActiveCfg = Debug|Any CPU
		{E897D77D-4E66-4730-ABDE-A373C074003C}.Debug|x64.Build.0 = Debug|Any CPU
		{E897D77D-4E66-4730-ABDE-A373C074003C}.Debug|x86.ActiveCfg = Debug|Any CPU
		{E897D77D-4E66-4730-ABDE-A373C074003C}.Debug|x86.Build.0 = Debug|Any CPU
		{E897D77D-4E66-4730-ABDE-A373C074003C}.Release|Any CPU.ActiveCfg = Release|Any CPU
		{E897D77D-4E66-4730-ABDE-A373C074003C}.Release|Any CPU.Build.0 = Release|Any CPU
		{E897D77D-4E66-4730-ABDE-A373C074003C}.Release|x64.ActiveCfg = Release|Any CPU
		{E897D77D-4E66-4730-ABDE-A373C074003C}.Release|x64.Build.0 = Release|Any CPU
		{E897D77D-4E66-4730-ABDE-A373C074003C}.Release|x86.ActiveCfg = Release|Any CPU
		{E897D77D-4E66-4730-ABDE-A373C074003C}.Release|x86.Build.0 = Release|Any CPU
		{432D5CF4-826D-494E-8C58-34A4DB3E223A}.Debug|Any CPU.ActiveCfg = Debug|Any CPU
		{432D5CF4-826D-494E-8C58-34A4DB3E223A}.Debug|Any CPU.Build.0 = Debug|Any CPU
		{432D5CF4-826D-494E-8C58-34A4DB3E223A}.Debug|x64.ActiveCfg = Debug|Any CPU
		{432D5CF4-826D-494E-8C58-34A4DB3E223A}.Debug|x64.Build.0 = Debug|Any CPU
		{432D5CF4-826D-494E-8C58-34A4DB3E223A}.Debug|x86.ActiveCfg = Debug|Any CPU
		{432D5CF4-826D-494E-8C58-34A4DB3E223A}.Debug|x86.Build.0 = Debug|Any CPU
		{432D5CF4-826D-494E-8C58-34A4DB3E223A}.Release|Any CPU.ActiveCfg = Release|Any CPU
		{432D5CF4-826D-494E-8C58-34A4DB3E223A}.Release|Any CPU.Build.0 = Release|Any CPU
		{432D5CF4-826D-494E-8C58-34A4DB3E223A}.Release|x64.ActiveCfg = Release|Any CPU
		{432D5CF4-826D-494E-8C58-34A4DB3E223A}.Release|x64.Build.0 = Release|Any CPU
		{432D5CF4-826D-494E-8C58-34A4DB3E223A}.Release|x86.ActiveCfg = Release|Any CPU
		{432D5CF4-826D-494E-8C58-34A4DB3E223A}.Release|x86.Build.0 = Release|Any CPU
	EndGlobalSection
	GlobalSection(SolutionProperties) = preSolution
		HideSolutionNode = FALSE
	EndGlobalSection
	GlobalSection(NestedProjects) = preSolution
		{1E23F558-C165-4E65-A976-BBFBD47960E7} = {827E0CD3-B72D-47B6-A68D-7590B98EB39B}
		{E897D77D-4E66-4730-ABDE-A373C074003C} = {0AB3BF05-4346-4AA6-1389-037BE0695223}
		{432D5CF4-826D-494E-8C58-34A4DB3E223A} = {827E0CD3-B72D-47B6-A68D-7590B98EB39B}
	EndGlobalSection
EndGlobal
